
Microsoft Visual Studio Solution File, Format Version 12.00
# Visual Studio Version 17
VisualStudioVersion = 17.10.35027.167
MinimumVisualStudioVersion = 10.0.40219.1
Project("{9A19103F-16F7-4668-BE54-9A1E7A4F7556}") = "StoragesApi", "StoragesApi\StoragesApi.csproj", "{FD5C07E4-72CE-45BF-8CBC-E16BF7A693BF}"
EndProject
Project("{9A19103F-16F7-4668-BE54-9A1E7A4F7556}") = "ProductsAndGroupsApi", "ProductsAndGroupsApi\ProductsAndGroupsApi.csproj", "{1653E7F2-08EC-4A19-BDA9-5C6EF37820FF}"
EndProject
Project("{9A19103F-16F7-4668-BE54-9A1E7A4F7556}") = "PlacementApi", "PlacementApi\PlacementApi.csproj", "{6F8EB539-023E-431E-B8B9-4ED9764940E1}"
EndProject
Project("{FAE04EC0-301F-11D3-BF4B-00C04F79EFBC}") = "ApiGateWay", "ApiGateWay\ApiGateWay.csproj", "{053A7CA9-4C71-4746-827D-3664E023C03F}"
EndProject
Project("{FAE04EC0-301F-11D3-BF4B-00C04F79EFBC}") = "GraphQl", "GraphQl\GraphQl.csproj", "{B3D5DCC2-F0DC-42BC-9D1D-EFF58C1B8447}"
EndProject
Global
	GlobalSection(SolutionConfigurationPlatforms) = preSolution
		Debug|Any CPU = Debug|Any CPU
		Release|Any CPU = Release|Any CPU
	EndGlobalSection
	GlobalSection(ProjectConfigurationPlatforms) = postSolution
		{FD5C07E4-72CE-45BF-8CBC-E16BF7A693BF}.Debug|Any CPU.ActiveCfg = Debug|Any CPU
		{FD5C07E4-72CE-45BF-8CBC-E16BF7A693BF}.Debug|Any CPU.Build.0 = Debug|Any CPU
		{FD5C07E4-72CE-45BF-8CBC-E16BF7A693BF}.Release|Any CPU.ActiveCfg = Release|Any CPU
		{FD5C07E4-72CE-45BF-8CBC-E16BF7A693BF}.Release|Any CPU.Build.0 = Release|Any CPU
		{1653E7F2-08EC-4A19-BDA9-5C6EF37820FF}.Debug|Any CPU.ActiveCfg = Debug|Any CPU
		{1653E7F2-08EC-4A19-BDA9-5C6EF37820FF}.Debug|Any CPU.Build.0 = Debug|Any CPU
		{1653E7F2-08EC-4A19-BDA9-5C6EF37820FF}.Release|Any CPU.ActiveCfg = Release|Any CPU
		{1653E7F2-08EC-4A19-BDA9-5C6EF37820FF}.Release|Any CPU.Build.0 = Release|Any CPU
		{6F8EB539-023E-431E-B8B9-4ED9764940E1}.Debug|Any CPU.ActiveCfg = Debug|Any CPU
		{6F8EB539-023E-431E-B8B9-4ED9764940E1}.Debug|Any CPU.Build.0 = Debug|Any CPU
		{6F8EB539-023E-431E-B8B9-4ED9764940E1}.Release|Any CPU.ActiveCfg = Release|Any CPU
		{6F8EB539-023E-431E-B8B9-4ED9764940E1}.Release|Any CPU.Build.0 = Release|Any CPU
		{053A7CA9-4C71-4746-827D-3664E023C03F}.Debug|Any CPU.ActiveCfg = Debug|Any CPU
		{053A7CA9-4C71-4746-827D-3664E023C03F}.Debug|Any CPU.Build.0 = Debug|Any CPU
		{053A7CA9-4C71-4746-827D-3664E023C03F}.Release|Any CPU.ActiveCfg = Release|Any CPU
		{053A7CA9-4C71-4746-827D-3664E023C03F}.Release|Any CPU.Build.0 = Release|Any CPU
		{B3D5DCC2-F0DC-42BC-9D1D-EFF58C1B8447}.Debug|Any CPU.ActiveCfg = Debug|Any CPU
		{B3D5DCC2-F0DC-42BC-9D1D-EFF58C1B8447}.Debug|Any CPU.Build.0 = Debug|Any CPU
		{B3D5DCC2-F0DC-42BC-9D1D-EFF58C1B8447}.Release|Any CPU.ActiveCfg = Release|Any CPU
		{B3D5DCC2-F0DC-42BC-9D1D-EFF58C1B8447}.Release|Any CPU.Build.0 = Release|Any CPU
	EndGlobalSection
	GlobalSection(SolutionProperties) = preSolution
		HideSolutionNode = FALSE
	EndGlobalSection
	GlobalSection(ExtensibilityGlobals) = postSolution
		SolutionGuid = {F6B12D91-4400-4F27-9941-A23C00247A8F}
	EndGlobalSection
EndGlobal
